
Microsoft Visual Studio Solution File, Format Version 12.00
# Visual Studio Version 17
VisualStudioVersion = 17.1.32319.34
MinimumVisualStudioVersion = 10.0.40219.1
Project("{FAE04EC0-301F-11D3-BF4B-00C04F79EFBC}") = "Receiver", "Receiver\Receiver.csproj", "{F3562756-0EDD-415F-8E1B-9D26AD6DC68D}"
EndProject
Global
	GlobalSection(SolutionConfigurationPlatforms) = preSolution
		Debug|Any CPU = Debug|Any CPU
		Release|Any CPU = Release|Any CPU
	EndGlobalSection
	GlobalSection(ProjectConfigurationPlatforms) = postSolution
		{F3562756-0EDD-415F-8E1B-9D26AD6DC68D}.Debug|Any CPU.ActiveCfg = Debug|Any CPU
		{F3562756-0EDD-415F-8E1B-9D26AD6DC68D}.Debug|Any CPU.Build.0 = Debug|Any CPU
		{F3562756-0EDD-415F-8E1B-9D26AD6DC68D}.Release|Any CPU.ActiveCfg = Release|Any CPU
		{F3562756-0EDD-415F-8E1B-9D26AD6DC68D}.Release|Any CPU.Build.0 = Release|Any CPU
	EndGlobalSection
	GlobalSection(SolutionProperties) = preSolution
		HideSolutionNode = FALSE
	EndGlobalSection
	GlobalSection(ExtensibilityGlobals) = postSolution
		SolutionGuid = {D85A9878-D9F4-4712-BFE0-3B751BD343EE}
	EndGlobalSection
EndGlobal
